
Microsoft Visual Studio Solution File, Format Version 12.00
# Visual Studio Version 17
VisualStudioVersion = 17.9.34728.123
MinimumVisualStudioVersion = 10.0.40219.1
Project("{FAE04EC0-301F-11D3-BF4B-00C04F79EFBC}") = "Word2", "Word2\Word2.csproj", "{B2507B7E-BEEA-427F-8AA1-4E43DB786352}"
EndProject
Global
	GlobalSection(SolutionConfigurationPlatforms) = preSolution
		Debug|Any CPU = Debug|Any CPU
		Release|Any CPU = Release|Any CPU
	EndGlobalSection
	GlobalSection(ProjectConfigurationPlatforms) = postSolution
		{B2507B7E-BEEA-427F-8AA1-4E43DB786352}.Debug|Any CPU.ActiveCfg = Debug|Any CPU
		{B2507B7E-BEEA-427F-8AA1-4E43DB786352}.Debug|Any CPU.Build.0 = Debug|Any CPU
		{B2507B7E-BEEA-427F-8AA1-4E43DB786352}.Release|Any CPU.ActiveCfg = Release|Any CPU
		{B2507B7E-BEEA-427F-8AA1-4E43DB786352}.Release|Any CPU.Build.0 = Release|Any CPU
	EndGlobalSection
	GlobalSection(SolutionProperties) = preSolution
		HideSolutionNode = FALSE
	EndGlobalSection
	GlobalSection(ExtensibilityGlobals) = postSolution
		SolutionGuid = {7CAD1210-955E-43A5-8531-213763A90CB1}
	EndGlobalSection
EndGlobal
